
Microsoft Visual Studio Solution File, Format Version 12.00
# Visual Studio Version 17
VisualStudioVersion = 17.6.33815.320
MinimumVisualStudioVersion = 10.0.40219.1
Project("{FAE04EC0-301F-11D3-BF4B-00C04F79EFBC}") = "WaterJugASP", "WaterJugASP\WaterJugASP.csproj", "{04529FF8-C7B7-495A-9181-D1D418C68D1E}"
EndProject
Global
	GlobalSection(SolutionConfigurationPlatforms) = preSolution
		Debug|Any CPU = Debug|Any CPU
		Release|Any CPU = Release|Any CPU
	EndGlobalSection
	GlobalSection(ProjectConfigurationPlatforms) = postSolution
		{04529FF8-C7B7-495A-9181-D1D418C68D1E}.Debug|Any CPU.ActiveCfg = Debug|Any CPU
		{04529FF8-C7B7-495A-9181-D1D418C68D1E}.Debug|Any CPU.Build.0 = Debug|Any CPU
		{04529FF8-C7B7-495A-9181-D1D418C68D1E}.Release|Any CPU.ActiveCfg = Release|Any CPU
		{04529FF8-C7B7-495A-9181-D1D418C68D1E}.Release|Any CPU.Build.0 = Release|Any CPU
	EndGlobalSection
	GlobalSection(SolutionProperties) = preSolution
		HideSolutionNode = FALSE
	EndGlobalSection
	GlobalSection(ExtensibilityGlobals) = postSolution
		SolutionGuid = {CD506A03-1B8B-4B48-902D-18ED18BD1E88}
	EndGlobalSection
EndGlobal
